<?xml version="1.0" encoding="utf-8"?>
<Project ToolsVersion="4.0" xmlns="http://schemas.microsoft.com/developer/msbuild/2003">
  <ItemGroup>
    <Filter Include="ソース ファイル">
      <UniqueIdentifier>{4FC737F1-C7A5-4376-A066-2A32D752A2FF}</UniqueIdentifier>
      <Extensions>cpp;c;cc;cxx;c++;cppm;ixx;def;odl;idl;hpj;bat;asm;asmx</Extensions>
    </Filter>
    <Filter Include="リソース ファイル">
      <UniqueIdentifier>{67DA6AB6-F800-4c08-8B7A-83BB121AAD01}</UniqueIdentifier>
      <Extensions>rc;ico;cur;bmp;dlg;rc2;rct;bin;rgs;gif;jpg;jpeg;jpe;resx;tiff;tif;png;wav;mfcribbon-ms</Extensions>
    </Filter>
    <Filter Include="HLSL">
      <UniqueIdentifier>{ed911f62-ff4d-4d58-9c99-d126849ac4fd}</UniqueIdentifier>
    </Filter>
    <Filter Include="HLSL\Sprite">
      <UniqueIdentifier>{285c0275-a156-401b-a6dd-37f81cd4510e}</UniqueIdentifier>
    </Filter>
    <Filter Include="ソース ファイル\00_Windowsメイン">
      <UniqueIdentifier>{4bec077d-f207-450d-9af5-b4c5c367c2a1}</UniqueIdentifier>
    </Filter>
    <Filter Include="ソース ファイル\01_ゲームメイン">
      <UniqueIdentifier>{d4461820-9e14-4d94-8b8b-b8f7ae575739}</UniqueIdentifier>
    </Filter>
    <Filter Include="ソース ファイル\02_ゲームライブラリ">
      <UniqueIdentifier>{a1c9b705-5889-4267-bc09-734bc6922a30}</UniqueIdentifier>
    </Filter>
    <Filter Include="ソース ファイル\03_DirectX">
      <UniqueIdentifier>{51a6f6fe-62b4-4a6d-ac9c-940a26a47e47}</UniqueIdentifier>
    </Filter>
    <Filter Include="ソース ファイル\04_ImGUI">
      <UniqueIdentifier>{7c62f635-58ea-4305-be25-e23f3444c559}</UniqueIdentifier>
    </Filter>
    <Filter Include="ソース ファイル\05_フレームワーク">
      <UniqueIdentifier>{2f52e50e-6224-4dbf-a930-01f696385c5e}</UniqueIdentifier>
    </Filter>
    <Filter Include="ソース ファイル\06_共通">
      <UniqueIdentifier>{ef79b2b1-d77c-4e0f-ba34-50e4c05a169f}</UniqueIdentifier>
    </Filter>
    <Filter Include="ソース ファイル\07_TitleScene">
      <UniqueIdentifier>{23c29058-2579-4bf4-a411-46e295d6a90a}</UniqueIdentifier>
    </Filter>
    <Filter Include="ソース ファイル\08_PlayScene">
      <UniqueIdentifier>{6a2036ee-1040-4a89-90f7-9ba4a8516387}</UniqueIdentifier>
    </Filter>
    <Filter Include="ソース ファイル\08_PlayScene\0802_Player">
      <UniqueIdentifier>{530dbd7c-74c0-43cd-8495-4ec0a4c9aad9}</UniqueIdentifier>
    </Filter>
    <Filter Include="ソース ファイル\08_PlayScene\0804_Enemy">
      <UniqueIdentifier>{bc5f71aa-e6e7-4ad5-8466-6ebd8662702c}</UniqueIdentifier>
    </Filter>
    <Filter Include="ソース ファイル\08_PlayScene\0805_Weapon">
      <UniqueIdentifier>{45248b44-b0b3-40e5-9ffb-d8b1b11fb07b}</UniqueIdentifier>
    </Filter>
    <Filter Include="ソース ファイル\08_PlayScene\0801_PlayScene">
      <UniqueIdentifier>{87f236f7-a2db-46d4-b7e4-a6f77e81056d}</UniqueIdentifier>
    </Filter>
    <Filter Include="ソース ファイル\08_PlayScene\0806_Effect">
      <UniqueIdentifier>{e363ba1c-1aa2-410d-aa8d-2b5ce88317df}</UniqueIdentifier>
    </Filter>
    <Filter Include="ソース ファイル\08_PlayScene\0809_DisplayInfo">
      <UniqueIdentifier>{fd175ab1-07ac-4846-a53b-13ea8fcc7320}</UniqueIdentifier>
    </Filter>
    <Filter Include="ソース ファイル\08_PlayScene\0807_Map">
      <UniqueIdentifier>{043548da-1c8b-4d1b-ad4a-cb1a19bbb668}</UniqueIdentifier>
    </Filter>
    <Filter Include="ソース ファイル\08_PlayScene\0808_Item">
      <UniqueIdentifier>{dcc358c1-d8fd-4fdb-ad0f-1eebe3e612b4}</UniqueIdentifier>
    </Filter>
  </ItemGroup>
  <ItemGroup>
    <None Include="Hlsl\Sprite2D.hlsli">
      <Filter>HLSL\Sprite</Filter>
    </None>
    <None Include="Src\Main.aps">
      <Filter>リソース ファイル</Filter>
    </None>
  </ItemGroup>
  <ItemGroup>
    <FxCompile Include="Hlsl\Sprite2D_PS.hlsl">
      <Filter>HLSL\Sprite</Filter>
    </FxCompile>
    <FxCompile Include="Hlsl\Sprite2D_VS.hlsl">
      <Filter>HLSL\Sprite</Filter>
    </FxCompile>
  </ItemGroup>
  <ItemGroup>
    <ClInclude Include="Src\Main.h">
      <Filter>ソース ファイル\00_Windowsメイン</Filter>
    </ClInclude>
    <ClInclude Include="Src\GameMain.h">
      <Filter>ソース ファイル\01_ゲームメイン</Filter>
    </ClInclude>
    <ClInclude Include="Src\MyImgui.h">
      <Filter>ソース ファイル\02_ゲームライブラリ</Filter>
    </ClInclude>
    <ClInclude Include="Src\MyMath.h">
      <Filter>ソース ファイル\02_ゲームライブラリ</Filter>
    </ClInclude>
    <ClInclude Include="Src\Shader.h">
      <Filter>ソース ファイル\02_ゲームライブラリ</Filter>
    </ClInclude>
    <ClInclude Include="Src\Sprite.h">
      <Filter>ソース ファイル\02_ゲームライブラリ</Filter>
    </ClInclude>
    <ClInclude Include="Src\DInput.h">
      <Filter>ソース ファイル\03_DirectX</Filter>
    </ClInclude>
    <ClInclude Include="Src\Direct3D.h">
      <Filter>ソース ファイル\03_DirectX</Filter>
    </ClInclude>
    <ClInclude Include="Src\XAudio.h">
      <Filter>ソース ファイル\03_DirectX</Filter>
    </ClInclude>
    <ClInclude Include="Libs\Imgui\imconfig.h">
      <Filter>ソース ファイル\04_ImGUI</Filter>
    </ClInclude>
    <ClInclude Include="Libs\Imgui\imgui.h">
      <Filter>ソース ファイル\04_ImGUI</Filter>
    </ClInclude>
    <ClInclude Include="Libs\Imgui\imgui_impl_dx11.h">
      <Filter>ソース ファイル\04_ImGUI</Filter>
    </ClInclude>
    <ClInclude Include="Libs\Imgui\imgui_impl_win32.h">
      <Filter>ソース ファイル\04_ImGUI</Filter>
    </ClInclude>
    <ClInclude Include="Libs\Imgui\imgui_internal.h">
      <Filter>ソース ファイル\04_ImGUI</Filter>
    </ClInclude>
    <ClInclude Include="Libs\Imgui\imstb_rectpack.h">
      <Filter>ソース ファイル\04_ImGUI</Filter>
    </ClInclude>
    <ClInclude Include="Libs\Imgui\imstb_textedit.h">
      <Filter>ソース ファイル\04_ImGUI</Filter>
    </ClInclude>
    <ClInclude Include="Libs\Imgui\imstb_truetype.h">
      <Filter>ソース ファイル\04_ImGUI</Filter>
    </ClInclude>
    <ClInclude Include="Src\SceneManager.h">
      <Filter>ソース ファイル\05_フレームワーク</Filter>
    </ClInclude>
    <ClInclude Include="Src\SceneFactory.h">
      <Filter>ソース ファイル\05_フレームワーク</Filter>
    </ClInclude>
    <ClInclude Include="Src\SceneBase.h">
      <Filter>ソース ファイル\05_フレームワーク</Filter>
    </ClInclude>
    <ClInclude Include="Src\ObjectManager.h">
      <Filter>ソース ファイル\05_フレームワーク</Filter>
    </ClInclude>
    <ClInclude Include="Src\GameObject.h">
      <Filter>ソース ファイル\05_フレームワーク</Filter>
    </ClInclude>
    <ClInclude Include="Src\resource.h">
      <Filter>リソース ファイル</Filter>
    </ClInclude>
    <ClInclude Include="Src\Macro.h">
      <Filter>ソース ファイル\01_ゲームメイン</Filter>
    </ClInclude>
    <ClInclude Include="Src\Object2D.h">
      <Filter>ソース ファイル\06_共通</Filter>
    </ClInclude>
    <ClInclude Include="Src\TitleScene.h">
      <Filter>ソース ファイル\07_TitleScene</Filter>
    </ClInclude>
    <ClInclude Include="Src\ResourceManager.h">
      <Filter>ソース ファイル\05_フレームワーク</Filter>
    </ClInclude>
    <ClInclude Include="Src\CsvReader.h">
      <Filter>ソース ファイル\05_フレームワーク</Filter>
    </ClInclude>
    <ClInclude Include="Src\Animator.h">
      <Filter>ソース ファイル\06_共通</Filter>
    </ClInclude>
    <ClInclude Include="Src\Collider.h">
      <Filter>ソース ファイル\06_共通</Filter>
    </ClInclude>
    <ClInclude Include="Src\Player.h">
      <Filter>ソース ファイル\08_PlayScene\0802_Player</Filter>
    </ClInclude>
    <ClInclude Include="Src\EnemyBase.h">
      <Filter>ソース ファイル\08_PlayScene\0804_Enemy</Filter>
    </ClInclude>
    <ClInclude Include="Src\EnemyManager.h">
      <Filter>ソース ファイル\08_PlayScene\0804_Enemy</Filter>
    </ClInclude>
    <ClInclude Include="Src\WeaponShot.h">
      <Filter>ソース ファイル\08_PlayScene\0805_Weapon</Filter>
    </ClInclude>
    <ClInclude Include="Src\WeaponManager.h">
      <Filter>ソース ファイル\08_PlayScene\0805_Weapon</Filter>
    </ClInclude>
    <ClInclude Include="Src\PlayScene.h">
      <Filter>ソース ファイル\08_PlayScene\0801_PlayScene</Filter>
    </ClInclude>
    <ClInclude Include="Src\Map.h">
      <Filter>ソース ファイル\08_PlayScene\0807_Map</Filter>
    </ClInclude>
    <ClInclude Include="Src\WeaponBase.h">
      <Filter>ソース ファイル\08_PlayScene\0805_Weapon</Filter>
    </ClInclude>
    <ClInclude Include="Src\EffectBase.h">
      <Filter>ソース ファイル\08_PlayScene\0806_Effect</Filter>
    </ClInclude>
    <ClInclude Include="Src\EffectManager.h">
      <Filter>ソース ファイル\08_PlayScene\0806_Effect</Filter>
    </ClInclude>
    <ClInclude Include="Src\EffectBom.h">
      <Filter>ソース ファイル\08_PlayScene\0806_Effect</Filter>
    </ClInclude>
    <ClInclude Include="Src\OverScene.h">
      <Filter>ソース ファイル\07_TitleScene</Filter>
    </ClInclude>
    <ClInclude Include="Src\ClearScene.h">
      <Filter>ソース ファイル\07_TitleScene</Filter>
    </ClInclude>
    <ClInclude Include="Src\DisplayInfo.h">
      <Filter>ソース ファイル\08_PlayScene\0809_DisplayInfo</Filter>
    </ClInclude>
    <ClInclude Include="Src\AudioManager.h">
      <Filter>ソース ファイル\05_フレームワーク</Filter>
    </ClInclude>
    <ClInclude Include="Src\DataCarrier.h">
      <Filter>ソース ファイル\08_PlayScene\0801_PlayScene</Filter>
    </ClInclude>
    <ClInclude Include="Src\MapPiece.h">
      <Filter>ソース ファイル\08_PlayScene\0807_Map</Filter>
    </ClInclude>
    <ClInclude Include="Src\MapDrawBack.h">
      <Filter>ソース ファイル\08_PlayScene\0807_Map</Filter>
    </ClInclude>
    <ClInclude Include="Src\MapDrawFore.h">
      <Filter>ソース ファイル\08_PlayScene\0807_Map</Filter>
    </ClInclude>
    <ClInclude Include="Src\EnemyTord.h">
      <Filter>ソース ファイル\08_PlayScene\0804_Enemy</Filter>
    </ClInclude>
    <ClInclude Include="Src\EnemyWolf.h">
      <Filter>ソース ファイル\08_PlayScene\0804_Enemy</Filter>
    </ClInclude>
    <ClInclude Include="Src\EnemyWater.h">
      <Filter>ソース ファイル\08_PlayScene\0804_Enemy</Filter>
    </ClInclude>
    <ClInclude Include="Src\Item.h">
      <Filter>ソース ファイル\08_PlayScene\0808_Item</Filter>
    </ClInclude>
    <ClInclude Include="Src\ItemBase.h">
      <Filter>ソース ファイル\08_PlayScene\0808_Item</Filter>
    </ClInclude>
    <ClInclude Include="Src\ItemManager.h">
      <Filter>ソース ファイル\08_PlayScene\0808_Item</Filter>
    </ClInclude>
    <ClInclude Include="Src\StageClearScene.h">
      <Filter>ソース ファイル\07_TitleScene</Filter>
    </ClInclude>
    <ClInclude Include="Src\EnemyFox.h">
      <Filter>ソース ファイル\08_PlayScene\0804_Enemy</Filter>
    </ClInclude>
    <ClInclude Include="Src\EnemyWeapon.h">
      <Filter>ソース ファイル\08_PlayScene\0805_Weapon</Filter>
    </ClInclude>
    <ClInclude Include="Src\WeaponPenetrate.h">
      <Filter>ソース ファイル\08_PlayScene\0805_Weapon</Filter>
    </ClInclude>
    <ClInclude Include="Src\WeaponGrenade.h">
      <Filter>ソース ファイル\08_PlayScene\0805_Weapon</Filter>
    </ClInclude>
    <ClInclude Include="Src\StrudyBlock.h">
      <Filter>ソース ファイル\08_PlayScene\0804_Enemy</Filter>
    </ClInclude>
    <ClInclude Include="Src\PointTarget.h">
      <Filter>ソース ファイル\08_PlayScene\0804_Enemy</Filter>
    </ClInclude>
    <ClInclude Include="Src\RenderComponent.h">
      <Filter>ソース ファイル\08_PlayScene\0802_Player</Filter>
    </ClInclude>
    <ClInclude Include="Src\BossEnemy.h">
      <Filter>ソース ファイル\08_PlayScene\0804_Enemy</Filter>
    </ClInclude>
    <ClInclude Include="Src\grapplinghook.h">
      <Filter>ソース ファイル\08_PlayScene\0805_Weapon</Filter>
    </ClInclude>
  </ItemGroup>
  <ItemGroup>
    <ClCompile Include="Src\Main.cpp">
      <Filter>ソース ファイル\00_Windowsメイン</Filter>
    </ClCompile>
    <ClCompile Include="Src\GameMain.cpp">
      <Filter>ソース ファイル\01_ゲームメイン</Filter>
    </ClCompile>
    <ClCompile Include="Src\MyImgui.cpp">
      <Filter>ソース ファイル\02_ゲームライブラリ</Filter>
    </ClCompile>
    <ClCompile Include="Src\MyMath.cpp">
      <Filter>ソース ファイル\02_ゲームライブラリ</Filter>
    </ClCompile>
    <ClCompile Include="Src\Shader.cpp">
      <Filter>ソース ファイル\02_ゲームライブラリ</Filter>
    </ClCompile>
    <ClCompile Include="Src\Sprite.cpp">
      <Filter>ソース ファイル\02_ゲームライブラリ</Filter>
    </ClCompile>
    <ClCompile Include="Src\DInput.cpp">
      <Filter>ソース ファイル\03_DirectX</Filter>
    </ClCompile>
    <ClCompile Include="Src\Direct3D.cpp">
      <Filter>ソース ファイル\03_DirectX</Filter>
    </ClCompile>
    <ClCompile Include="Src\XAudio.cpp">
      <Filter>ソース ファイル\03_DirectX</Filter>
    </ClCompile>
    <ClCompile Include="Libs\Imgui\imgui.cpp">
      <Filter>ソース ファイル\04_ImGUI</Filter>
    </ClCompile>
    <ClCompile Include="Libs\Imgui\imgui_demo.cpp">
      <Filter>ソース ファイル\04_ImGUI</Filter>
    </ClCompile>
    <ClCompile Include="Libs\Imgui\imgui_draw.cpp">
      <Filter>ソース ファイル\04_ImGUI</Filter>
    </ClCompile>
    <ClCompile Include="Libs\Imgui\imgui_impl_dx11.cpp">
      <Filter>ソース ファイル\04_ImGUI</Filter>
    </ClCompile>
    <ClCompile Include="Libs\Imgui\imgui_impl_win32.cpp">
      <Filter>ソース ファイル\04_ImGUI</Filter>
    </ClCompile>
    <ClCompile Include="Libs\Imgui\imgui_widgets.cpp">
      <Filter>ソース ファイル\04_ImGUI</Filter>
    </ClCompile>
    <ClCompile Include="Src\SceneManager.cpp">
      <Filter>ソース ファイル\05_フレームワーク</Filter>
    </ClCompile>
    <ClCompile Include="Src\SceneFactory.cpp">
      <Filter>ソース ファイル\05_フレームワーク</Filter>
    </ClCompile>
    <ClCompile Include="Src\SceneBase.cpp">
      <Filter>ソース ファイル\05_フレームワーク</Filter>
    </ClCompile>
    <ClCompile Include="Src\ObjectManager.cpp">
      <Filter>ソース ファイル\05_フレームワーク</Filter>
    </ClCompile>
    <ClCompile Include="Src\Object2D.cpp">
      <Filter>ソース ファイル\06_共通</Filter>
    </ClCompile>
    <ClCompile Include="Src\TitleScene.cpp">
      <Filter>ソース ファイル\07_TitleScene</Filter>
    </ClCompile>
    <ClCompile Include="Src\ResourceManager.cpp">
      <Filter>ソース ファイル\05_フレームワーク</Filter>
    </ClCompile>
    <ClCompile Include="Src\CsvReader.cpp">
      <Filter>ソース ファイル\05_フレームワーク</Filter>
    </ClCompile>
    <ClCompile Include="Src\Animator.cpp">
      <Filter>ソース ファイル\06_共通</Filter>
    </ClCompile>
    <ClCompile Include="Src\Collider.cpp">
      <Filter>ソース ファイル\06_共通</Filter>
    </ClCompile>
    <ClCompile Include="Src\Player.cpp">
      <Filter>ソース ファイル\08_PlayScene\0802_Player</Filter>
    </ClCompile>
    <ClCompile Include="Src\EnemyManager.cpp">
      <Filter>ソース ファイル\08_PlayScene\0804_Enemy</Filter>
    </ClCompile>
    <ClCompile Include="Src\WeaponShot.cpp">
      <Filter>ソース ファイル\08_PlayScene\0805_Weapon</Filter>
    </ClCompile>
    <ClCompile Include="Src\WeaponManager.cpp">
      <Filter>ソース ファイル\08_PlayScene\0805_Weapon</Filter>
    </ClCompile>
    <ClCompile Include="Src\PlayScene.cpp">
      <Filter>ソース ファイル\08_PlayScene\0801_PlayScene</Filter>
    </ClCompile>
    <ClCompile Include="Src\Map.cpp">
      <Filter>ソース ファイル\08_PlayScene\0807_Map</Filter>
    </ClCompile>
    <ClCompile Include="Src\EffectManager.cpp">
      <Filter>ソース ファイル\08_PlayScene\0806_Effect</Filter>
    </ClCompile>
    <ClCompile Include="Src\EffectBom.cpp">
      <Filter>ソース ファイル\08_PlayScene\0806_Effect</Filter>
    </ClCompile>
    <ClCompile Include="Src\OverScene.cpp">
      <Filter>ソース ファイル\07_TitleScene</Filter>
    </ClCompile>
    <ClCompile Include="Src\ClearScene.cpp">
      <Filter>ソース ファイル\07_TitleScene</Filter>
    </ClCompile>
    <ClCompile Include="Src\DisplayInfo.cpp">
      <Filter>ソース ファイル\08_PlayScene\0809_DisplayInfo</Filter>
    </ClCompile>
    <ClCompile Include="Src\AudioManager.cpp">
      <Filter>ソース ファイル\05_フレームワーク</Filter>
    </ClCompile>
    <ClCompile Include="Src\DataCarrier.cpp">
      <Filter>ソース ファイル\08_PlayScene\0801_PlayScene</Filter>
    </ClCompile>
    <ClCompile Include="Src\WeaponBase.cpp">
      <Filter>ソース ファイル\08_PlayScene\0805_Weapon</Filter>
    </ClCompile>
    <ClCompile Include="Src\EnemyBase.cpp">
      <Filter>ソース ファイル\08_PlayScene\0804_Enemy</Filter>
    </ClCompile>
    <ClCompile Include="Src\MapPiece.cpp">
      <Filter>ソース ファイル\08_PlayScene\0807_Map</Filter>
    </ClCompile>
    <ClCompile Include="Src\MapDrawBack.cpp">
      <Filter>ソース ファイル\08_PlayScene\0807_Map</Filter>
    </ClCompile>
    <ClCompile Include="Src\MapDrawFore.cpp">
      <Filter>ソース ファイル\08_PlayScene\0807_Map</Filter>
    </ClCompile>
    <ClCompile Include="Src\EnemyTord.cpp">
      <Filter>ソース ファイル\08_PlayScene\0804_Enemy</Filter>
    </ClCompile>
    <ClCompile Include="Src\EnemyWolf.cpp">
      <Filter>ソース ファイル\08_PlayScene\0804_Enemy</Filter>
    </ClCompile>
    <ClCompile Include="Src\EnemyWater.cpp">
      <Filter>ソース ファイル\08_PlayScene\0804_Enemy</Filter>
    </ClCompile>
    <ClCompile Include="Src\Item.cpp">
      <Filter>ソース ファイル\08_PlayScene\0808_Item</Filter>
    </ClCompile>
    <ClCompile Include="Src\ItemManager.cpp">
      <Filter>ソース ファイル\08_PlayScene\0808_Item</Filter>
    </ClCompile>
    <ClCompile Include="Src\StageClearScene.cpp">
      <Filter>ソース ファイル\07_TitleScene</Filter>
    </ClCompile>
    <ClCompile Include="Src\EnemyFox.cpp">
      <Filter>ソース ファイル\08_PlayScene\0804_Enemy</Filter>
    </ClCompile>
    <ClCompile Include="Src\EnemyWeapon.cpp">
      <Filter>ソース ファイル\08_PlayScene\0805_Weapon</Filter>
    </ClCompile>
    <ClCompile Include="Src\WeaponPenetrate.cpp">
      <Filter>ソース ファイル\08_PlayScene\0805_Weapon</Filter>
    </ClCompile>
    <ClCompile Include="Src\WeaponGrenade.cpp">
      <Filter>ソース ファイル\08_PlayScene\0805_Weapon</Filter>
    </ClCompile>
    <ClCompile Include="Src\StrudyBlock.cpp">
      <Filter>ソース ファイル\08_PlayScene\0804_Enemy</Filter>
    </ClCompile>
    <ClCompile Include="Src\PointTarget.cpp">
      <Filter>ソース ファイル\08_PlayScene\0804_Enemy</Filter>
    </ClCompile>
    <ClCompile Include="Src\RenderComponent.cpp">
      <Filter>ソース ファイル\08_PlayScene\0802_Player</Filter>
    </ClCompile>
    <ClCompile Include="Src\BossEnemy.cpp">
      <Filter>ソース ファイル\08_PlayScene\0804_Enemy</Filter>
    </ClCompile>
    <ClCompile Include="Src\grapplinghook.cpp">
      <Filter>ソース ファイル\08_PlayScene\0805_Weapon</Filter>
    </ClCompile>
  </ItemGroup>
  <ItemGroup>
    <ResourceCompile Include="Src\Main.rc">
      <Filter>リソース ファイル</Filter>
    </ResourceCompile>
  </ItemGroup>
  <ItemGroup>
    <Image Include="Src\Icon1.ico">
      <Filter>リソース ファイル</Filter>
    </Image>
  </ItemGroup>
</Project>